{
  "requires": true,
  "lockfileVersion": 1,
  "dependencies": {
    "@types/p5": {
      "version": "0.7.1",
      "resolved": "https://registry.npmjs.org/@types/p5/-/p5-0.7.1.tgz",
      "integrity": "sha512-90IP0Qg4HCIfglzIUjaMGyOhjyxa7znv7jqRMvDQZ9mLmKpnRYCx7ofgqfuATNa2wb5vrKHXxutJeoW80CRMvg=="
    }
  }
}
